
Microsoft Visual Studio Solution File, Format Version 12.00
# Visual Studio 14
VisualStudioVersion = 14.0.24720.0
MinimumVisualStudioVersion = 10.0.40219.1
Project("{FAE04EC0-301F-11D3-BF4B-00C04F79EFBC}") = "WebSocketClientDemo", "WebSocketClientDemo.csproj", "{71C0E33F-251A-4D6A-A969-F32809796EC9}"
EndProject
Project("{FAE04EC0-301F-11D3-BF4B-00C04F79EFBC}") = "BackupLib", "..\WebSocketServerDemo\BackupLib\BackupLib.csproj", "{F8D6A36D-880E-4FD6-948C-4A1669F3886E}"
EndProject
Global
	GlobalSection(SolutionConfigurationPlatforms) = preSolution
		Debug|Any CPU = Debug|Any CPU
		Release|Any CPU = Release|Any CPU
	EndGlobalSection
	GlobalSection(ProjectConfigurationPlatforms) = postSolution
		{71C0E33F-251A-4D6A-A969-F32809796EC9}.Debug|Any CPU.ActiveCfg = Debug|Any CPU
		{71C0E33F-251A-4D6A-A969-F32809796EC9}.Debug|Any CPU.Build.0 = Debug|Any CPU
		{71C0E33F-251A-4D6A-A969-F32809796EC9}.Release|Any CPU.ActiveCfg = Release|Any CPU
		{71C0E33F-251A-4D6A-A969-F32809796EC9}.Release|Any CPU.Build.0 = Release|Any CPU
		{F8D6A36D-880E-4FD6-948C-4A1669F3886E}.Debug|Any CPU.ActiveCfg = Debug|Any CPU
		{F8D6A36D-880E-4FD6-948C-4A1669F3886E}.Debug|Any CPU.Build.0 = Debug|Any CPU
		{F8D6A36D-880E-4FD6-948C-4A1669F3886E}.Release|Any CPU.ActiveCfg = Release|Any CPU
		{F8D6A36D-880E-4FD6-948C-4A1669F3886E}.Release|Any CPU.Build.0 = Release|Any CPU
	EndGlobalSection
	GlobalSection(SolutionProperties) = preSolution
		HideSolutionNode = FALSE
	EndGlobalSection
EndGlobal
