
Microsoft Visual Studio Solution File, Format Version 12.00
# Visual Studio 14
VisualStudioVersion = 14.0.24720.0
MinimumVisualStudioVersion = 10.0.40219.1
Project("{FAE04EC0-301F-11D3-BF4B-00C04F79EFBC}") = "SocketDuplicateAndClose", "SocketDuplicateAndClose\SocketDuplicateAndClose.csproj", "{702B1C5C-FEF2-4351-B1F8-6ED8A658EA7C}"
EndProject
Project("{FAE04EC0-301F-11D3-BF4B-00C04F79EFBC}") = "SocketClient", "SocketClient\SocketClient.csproj", "{F2D080D4-7D42-4254-BC90-B0716DE2BE00}"
EndProject
Project("{FAE04EC0-301F-11D3-BF4B-00C04F79EFBC}") = "DuplicateSocketServer", "DuplicateSocketServer\DuplicateSocketServer.csproj", "{3E785035-DCE2-4B6E-80A3-10B4F279A05B}"
EndProject
Global
	GlobalSection(SolutionConfigurationPlatforms) = preSolution
		Debug|Any CPU = Debug|Any CPU
		Release|Any CPU = Release|Any CPU
	EndGlobalSection
	GlobalSection(ProjectConfigurationPlatforms) = postSolution
		{702B1C5C-FEF2-4351-B1F8-6ED8A658EA7C}.Debug|Any CPU.ActiveCfg = Debug|Any CPU
		{702B1C5C-FEF2-4351-B1F8-6ED8A658EA7C}.Debug|Any CPU.Build.0 = Debug|Any CPU
		{702B1C5C-FEF2-4351-B1F8-6ED8A658EA7C}.Release|Any CPU.ActiveCfg = Release|Any CPU
		{702B1C5C-FEF2-4351-B1F8-6ED8A658EA7C}.Release|Any CPU.Build.0 = Release|Any CPU
		{F2D080D4-7D42-4254-BC90-B0716DE2BE00}.Debug|Any CPU.ActiveCfg = Debug|Any CPU
		{F2D080D4-7D42-4254-BC90-B0716DE2BE00}.Debug|Any CPU.Build.0 = Debug|Any CPU
		{F2D080D4-7D42-4254-BC90-B0716DE2BE00}.Release|Any CPU.ActiveCfg = Release|Any CPU
		{F2D080D4-7D42-4254-BC90-B0716DE2BE00}.Release|Any CPU.Build.0 = Release|Any CPU
		{3E785035-DCE2-4B6E-80A3-10B4F279A05B}.Debug|Any CPU.ActiveCfg = Debug|Any CPU
		{3E785035-DCE2-4B6E-80A3-10B4F279A05B}.Debug|Any CPU.Build.0 = Debug|Any CPU
		{3E785035-DCE2-4B6E-80A3-10B4F279A05B}.Release|Any CPU.ActiveCfg = Release|Any CPU
		{3E785035-DCE2-4B6E-80A3-10B4F279A05B}.Release|Any CPU.Build.0 = Release|Any CPU
	EndGlobalSection
	GlobalSection(SolutionProperties) = preSolution
		HideSolutionNode = FALSE
	EndGlobalSection
EndGlobal
